{
  "version": 4,
  "terraform_version": "1.9.6",
  "serial": 11,
  "lineage": "23bf6f0e-1771-3488-15f5-5bbaaf4de866",
  "outputs": {
    "aws_api_gateway_rest_api_all": {
      "value": "{\"api_key_source\":\"HEADER\",\"arn\":\"arn:aws:apigateway:us-east-2::/restapis/z3v2iubne2\",\"binary_media_types\":[],\"description\":\"\",\"endpoint_configuration\":[{\"types\":[\"REGIONAL\"],\"vpc_endpoint_ids\":[]}],\"execution_arn\":\"arn:aws:execute-api:us-east-2:338253790412:z3v2iubne2\",\"id\":\"z3v2iubne2\",\"minimum_compression_size\":\"\",\"name\":\"CloudResumeAPI\",\"policy\":\"\",\"root_resource_id\":\"by9gf2juxc\",\"tags\":{}}",
      "type": "string"
    },
    "aws_cloudfront_all": {
      "value": "{\"aliases\":[\"jacehickman.com\",\"www.jacehickman.com\"],\"arn\":\"arn:aws:cloudfront::338253790412:distribution/E3EERE5S6HGZEH\",\"domain_name\":\"d16yo3slw8eg5m.cloudfront.net\",\"enabled\":true,\"etag\":\"E2CAX8QRO2T0HR\",\"hosted_zone_id\":\"Z2FDTNDATAQYW2\",\"id\":\"E3EERE5S6HGZEH\",\"in_progress_validation_batches\":0,\"last_modified_time\":\"2023-02-23 02:49:20.377 +0000 UTC\",\"status\":\"Deployed\",\"tags\":{},\"web_acl_id\":\"\"}",
      "type": "string"
    },
    "aws_dynamodb_table_all": {
      "value": "{\"arn\":\"arn:aws:dynamodb:us-east-2:338253790412:table/VisitorTable\",\"attribute\":[{\"name\":\"visitor_id\",\"type\":\"N\"}],\"billing_mode\":\"PROVISIONED\",\"deletion_protection_enabled\":false,\"global_secondary_index\":[],\"hash_key\":\"visitor_id\",\"id\":\"VisitorTable\",\"local_secondary_index\":[],\"name\":\"VisitorTable\",\"point_in_time_recovery\":[{\"enabled\":false}],\"range_key\":null,\"read_capacity\":1,\"replica\":[],\"server_side_encryption\":[],\"stream_arn\":\"\",\"stream_enabled\":false,\"stream_label\":\"\",\"stream_view_type\":\"\",\"table_class\":\"STANDARD\",\"tags\":{},\"ttl\":[{\"attribute_name\":\"\",\"enabled\":false}],\"write_capacity\":1}",
      "type": "string"
    },
    "aws_lambda_function_all": {
      "value": "{\"architectures\":[\"x86_64\"],\"arn\":\"arn:aws:lambda:us-east-2:338253790412:function:updateItem\",\"code_sha256\":\"fouFH8eo5V6HceLodo3X3NUSKOhfMNOO2SCslAnrPeU=\",\"code_signing_config_arn\":\"\",\"dead_letter_config\":[],\"description\":\"\",\"environment\":[],\"ephemeral_storage\":[{\"size\":512}],\"file_system_config\":[],\"function_name\":\"updateItem\",\"handler\":\"lambda_function.lambda_handler\",\"id\":\"updateItem\",\"image_uri\":\"\",\"invoke_arn\":\"arn:aws:apigateway:us-east-2:lambda:path/2015-03-31/functions/arn:aws:lambda:us-east-2:338253790412:function:updateItem/invocations\",\"kms_key_arn\":\"\",\"last_modified\":\"2024-09-28T06:00:27.000+0000\",\"layers\":[],\"logging_config\":[{\"application_log_level\":\"\",\"log_format\":\"Text\",\"log_group\":\"/aws/lambda/updateItem\",\"system_log_level\":\"\"}],\"memory_size\":128,\"qualified_arn\":\"arn:aws:lambda:us-east-2:338253790412:function:updateItem:$LATEST\",\"qualified_invoke_arn\":\"arn:aws:apigateway:us-east-2:lambda:path/2015-03-31/functions/arn:aws:lambda:us-east-2:338253790412:function:updateItem:$LATEST/invocations\",\"qualifier\":null,\"reserved_concurrent_executions\":-1,\"role\":\"arn:aws:iam::338253790412:role/VisitorCounter_Role\",\"runtime\":\"python3.10\",\"signing_job_arn\":\"\",\"signing_profile_version_arn\":\"\",\"source_code_hash\":\"fouFH8eo5V6HceLodo3X3NUSKOhfMNOO2SCslAnrPeU=\",\"source_code_size\":583,\"tags\":{},\"timeout\":3,\"tracing_config\":[{\"mode\":\"PassThrough\"}],\"version\":\"$LATEST\",\"vpc_config\":[]}",
      "type": "string"
    },
    "aws_route53_all": {
      "value": "{\"arn\":\"arn:aws:route53:::hostedzone/Z07797793UO05BKPV64D2\",\"caller_reference\":\"RISWorkflow-RD:802ff4c3-fcc1-4a54-9e12-dd19ffda1e1e\",\"comment\":\"HostedZone created by Route53 Registrar\",\"id\":\"Z07797793UO05BKPV64D2\",\"linked_service_description\":null,\"linked_service_principal\":null,\"name\":\"jacehickman.com\",\"name_servers\":[\"ns-1708.awsdns-21.co.uk\",\"ns-1323.awsdns-37.org\",\"ns-458.awsdns-57.com\",\"ns-990.awsdns-59.net\"],\"primary_name_server\":\"ns-1708.awsdns-21.co.uk\",\"private_zone\":false,\"resource_record_set_count\":7,\"tags\":{},\"vpc_id\":null,\"zone_id\":\"Z07797793UO05BKPV64D2\"}",
      "type": "string"
    },
    "s3_bucket_all": {
      "value": "{\"arn\":\"arn:aws:s3:::jacehickman.com\",\"bucket\":\"jacehickman.com\",\"bucket_domain_name\":\"jacehickman.com.s3.amazonaws.com\",\"bucket_regional_domain_name\":\"jacehickman.com.s3.us-east-2.amazonaws.com\",\"hosted_zone_id\":\"Z2O1EMRO9K5GLX\",\"id\":\"jacehickman.com\",\"region\":\"us-east-2\",\"website_domain\":\"s3-website.us-east-2.amazonaws.com\",\"website_endpoint\":\"jacehickman.com.s3-website.us-east-2.amazonaws.com\"}",
      "type": "string"
    }
  },
  "resources": [
    {
      "mode": "data",
      "type": "aws_api_gateway_rest_api",
      "name": "api",
      "provider": "provider[\"registry.terraform.io/hashicorp/aws\"]",
      "instances": [
        {
          "schema_version": 0,
          "attributes": {
            "api_key_source": "HEADER",
            "arn": "arn:aws:apigateway:us-east-2::/restapis/z3v2iubne2",
            "binary_media_types": [],
            "description": "",
            "endpoint_configuration": [
              {
                "types": [
                  "REGIONAL"
                ],
                "vpc_endpoint_ids": []
              }
            ],
            "execution_arn": "arn:aws:execute-api:us-east-2:338253790412:z3v2iubne2",
            "id": "z3v2iubne2",
            "minimum_compression_size": "",
            "name": "CloudResumeAPI",
            "policy": "",
            "root_resource_id": "by9gf2juxc",
            "tags": {}
          },
          "sensitive_attributes": []
        }
      ]
    },
    {
      "mode": "data",
      "type": "aws_cloudfront_distribution",
      "name": "my_distribution",
      "provider": "provider[\"registry.terraform.io/hashicorp/aws\"]",
      "instances": [
        {
          "schema_version": 0,
          "attributes": {
            "aliases": [
              "jacehickman.com",
              "www.jacehickman.com"
            ],
            "arn": "arn:aws:cloudfront::338253790412:distribution/E3EERE5S6HGZEH",
            "domain_name": "d16yo3slw8eg5m.cloudfront.net",
            "enabled": true,
            "etag": "E2CAX8QRO2T0HR",
            "hosted_zone_id": "Z2FDTNDATAQYW2",
            "id": "E3EERE5S6HGZEH",
            "in_progress_validation_batches": 0,
            "last_modified_time": "2023-02-23 02:49:20.377 +0000 UTC",
            "status": "Deployed",
            "tags": {},
            "web_acl_id": ""
          },
          "sensitive_attributes": []
        }
      ]
    },
    {
      "mode": "data",
      "type": "aws_dynamodb_table",
      "name": "visitor_table",
      "provider": "provider[\"registry.terraform.io/hashicorp/aws\"]",
      "instances": [
        {
          "schema_version": 0,
          "attributes": {
            "arn": "arn:aws:dynamodb:us-east-2:338253790412:table/VisitorTable",
            "attribute": [
              {
                "name": "visitor_id",
                "type": "N"
              }
            ],
            "billing_mode": "PROVISIONED",
            "deletion_protection_enabled": false,
            "global_secondary_index": [],
            "hash_key": "visitor_id",
            "id": "VisitorTable",
            "local_secondary_index": [],
            "name": "VisitorTable",
            "point_in_time_recovery": [
              {
                "enabled": false
              }
            ],
            "range_key": null,
            "read_capacity": 1,
            "replica": [],
            "server_side_encryption": [],
            "stream_arn": "",
            "stream_enabled": false,
            "stream_label": "",
            "stream_view_type": "",
            "table_class": "STANDARD",
            "tags": {},
            "ttl": [
              {
                "attribute_name": "",
                "enabled": false
              }
            ],
            "write_capacity": 1
          },
          "sensitive_attributes": []
        }
      ]
    },
    {
      "mode": "data",
      "type": "aws_lambda_function",
      "name": "updateItem_py",
      "provider": "provider[\"registry.terraform.io/hashicorp/aws\"]",
      "instances": [
        {
          "schema_version": 0,
          "attributes": {
            "architectures": [
              "x86_64"
            ],
            "arn": "arn:aws:lambda:us-east-2:338253790412:function:updateItem",
            "code_sha256": "fouFH8eo5V6HceLodo3X3NUSKOhfMNOO2SCslAnrPeU=",
            "code_signing_config_arn": "",
            "dead_letter_config": [],
            "description": "",
            "environment": [],
            "ephemeral_storage": [
              {
                "size": 512
              }
            ],
            "file_system_config": [],
            "function_name": "updateItem",
            "handler": "lambda_function.lambda_handler",
            "id": "updateItem",
            "image_uri": "",
            "invoke_arn": "arn:aws:apigateway:us-east-2:lambda:path/2015-03-31/functions/arn:aws:lambda:us-east-2:338253790412:function:updateItem/invocations",
            "kms_key_arn": "",
            "last_modified": "2024-09-28T06:00:27.000+0000",
            "layers": [],
            "logging_config": [
              {
                "application_log_level": "",
                "log_format": "Text",
                "log_group": "/aws/lambda/updateItem",
                "system_log_level": ""
              }
            ],
            "memory_size": 128,
            "qualified_arn": "arn:aws:lambda:us-east-2:338253790412:function:updateItem:$LATEST",
            "qualified_invoke_arn": "arn:aws:apigateway:us-east-2:lambda:path/2015-03-31/functions/arn:aws:lambda:us-east-2:338253790412:function:updateItem:$LATEST/invocations",
            "qualifier": null,
            "reserved_concurrent_executions": -1,
            "role": "arn:aws:iam::338253790412:role/VisitorCounter_Role",
            "runtime": "python3.10",
            "signing_job_arn": "",
            "signing_profile_version_arn": "",
            "source_code_hash": "fouFH8eo5V6HceLodo3X3NUSKOhfMNOO2SCslAnrPeU=",
            "source_code_size": 583,
            "tags": {},
            "timeout": 3,
            "tracing_config": [
              {
                "mode": "PassThrough"
              }
            ],
            "version": "$LATEST",
            "vpc_config": []
          },
          "sensitive_attributes": []
        }
      ]
    },
    {
      "mode": "data",
      "type": "aws_route53_zone",
      "name": "dns",
      "provider": "provider[\"registry.terraform.io/hashicorp/aws\"]",
      "instances": [
        {
          "schema_version": 0,
          "attributes": {
            "arn": "arn:aws:route53:::hostedzone/Z07797793UO05BKPV64D2",
            "caller_reference": "RISWorkflow-RD:802ff4c3-fcc1-4a54-9e12-dd19ffda1e1e",
            "comment": "HostedZone created by Route53 Registrar",
            "id": "Z07797793UO05BKPV64D2",
            "linked_service_description": null,
            "linked_service_principal": null,
            "name": "jacehickman.com",
            "name_servers": [
              "ns-1708.awsdns-21.co.uk",
              "ns-1323.awsdns-37.org",
              "ns-458.awsdns-57.com",
              "ns-990.awsdns-59.net"
            ],
            "primary_name_server": "ns-1708.awsdns-21.co.uk",
            "private_zone": false,
            "resource_record_set_count": 7,
            "tags": {},
            "vpc_id": null,
            "zone_id": "Z07797793UO05BKPV64D2"
          },
          "sensitive_attributes": []
        }
      ]
    },
    {
      "mode": "data",
      "type": "aws_s3_bucket",
      "name": "my_bucket",
      "provider": "provider[\"registry.terraform.io/hashicorp/aws\"]",
      "instances": [
        {
          "schema_version": 0,
          "attributes": {
            "arn": "arn:aws:s3:::jacehickman.com",
            "bucket": "jacehickman.com",
            "bucket_domain_name": "jacehickman.com.s3.amazonaws.com",
            "bucket_regional_domain_name": "jacehickman.com.s3.us-east-2.amazonaws.com",
            "hosted_zone_id": "Z2O1EMRO9K5GLX",
            "id": "jacehickman.com",
            "region": "us-east-2",
            "website_domain": "s3-website.us-east-2.amazonaws.com",
            "website_endpoint": "jacehickman.com.s3-website.us-east-2.amazonaws.com"
          },
          "sensitive_attributes": []
        }
      ]
    },
    {
      "mode": "managed",
      "type": "aws_api_gateway_rest_api",
      "name": "api",
      "provider": "provider[\"registry.terraform.io/hashicorp/aws\"]",
      "instances": [
        {
          "schema_version": 0,
          "attributes": {
            "api_key_source": "HEADER",
            "arn": "arn:aws:apigateway:us-east-2::/restapis/z3v2iubne2",
            "binary_media_types": [],
            "body": null,
            "created_date": "2023-07-06T23:17:50Z",
            "description": "",
            "disable_execute_api_endpoint": false,
            "endpoint_configuration": [
              {
                "types": [
                  "REGIONAL"
                ],
                "vpc_endpoint_ids": []
              }
            ],
            "execution_arn": "arn:aws:execute-api:us-east-2:338253790412:z3v2iubne2",
            "fail_on_warnings": null,
            "id": "z3v2iubne2",
            "minimum_compression_size": "",
            "name": "CloudResumeAPI",
            "parameters": null,
            "policy": "",
            "put_rest_api_mode": "overwrite",
            "root_resource_id": "by9gf2juxc",
            "tags": {},
            "tags_all": {}
          },
          "sensitive_attributes": [],
          "private": "eyJzY2hlbWFfdmVyc2lvbiI6IjAifQ=="
        }
      ]
    },
    {
      "mode": "managed",
      "type": "aws_cloudfront_distribution",
      "name": "s3_distribution",
      "provider": "provider[\"registry.terraform.io/hashicorp/aws\"]",
      "instances": [
        {
          "schema_version": 1,
          "attributes": {
            "aliases": [
              "jacehickman.com",
              "www.jacehickman.com"
            ],
            "arn": "arn:aws:cloudfront::338253790412:distribution/E3EERE5S6HGZEH",
            "caller_reference": "35439866-0f6a-4b6e-8e1e-37c03f61564e",
            "comment": null,
            "continuous_deployment_policy_id": "",
            "custom_error_response": [],
            "default_cache_behavior": [
              {
                "allowed_methods": [
                  "GET",
                  "HEAD"
                ],
                "cache_policy_id": "658327ea-f89d-4fab-a63d-7e88639e58f6",
                "cached_methods": [
                  "GET",
                  "HEAD"
                ],
                "compress": true,
                "default_ttl": 0,
                "field_level_encryption_id": "",
                "forwarded_values": [],
                "function_association": [],
                "lambda_function_association": [],
                "max_ttl": 0,
                "min_ttl": 0,
                "origin_request_policy_id": "",
                "realtime_log_config_arn": "",
                "response_headers_policy_id": "",
                "smooth_streaming": false,
                "target_origin_id": "jacehickman.com.s3-website.us-east-2.amazonaws.com",
                "trusted_key_groups": [],
                "trusted_signers": [],
                "viewer_protocol_policy": "redirect-to-https"
              }
            ],
            "default_root_object": "resume.html",
            "domain_name": "d16yo3slw8eg5m.cloudfront.net",
            "enabled": true,
            "etag": "E2CAX8QRO2T0HR",
            "hosted_zone_id": "Z2FDTNDATAQYW2",
            "http_version": "http2",
            "id": "E3EERE5S6HGZEH",
            "in_progress_validation_batches": 0,
            "is_ipv6_enabled": true,
            "last_modified_time": "2023-02-23 02:49:20.377 +0000 UTC",
            "logging_config": [],
            "ordered_cache_behavior": [],
            "origin": [
              {
                "connection_attempts": 3,
                "connection_timeout": 10,
                "custom_header": [],
                "custom_origin_config": [
                  {
                    "http_port": 80,
                    "https_port": 443,
                    "origin_keepalive_timeout": 5,
                    "origin_protocol_policy": "http-only",
                    "origin_read_timeout": 30,
                    "origin_ssl_protocols": [
                      "TLSv1.2"
                    ]
                  }
                ],
                "domain_name": "jacehickman.com.s3-website.us-east-2.amazonaws.com",
                "origin_access_control_id": "",
                "origin_id": "jacehickman.com.s3-website.us-east-2.amazonaws.com",
                "origin_path": "",
                "origin_shield": [],
                "s3_origin_config": []
              }
            ],
            "origin_group": [],
            "price_class": "PriceClass_All",
            "restrictions": [
              {
                "geo_restriction": [
                  {
                    "locations": [],
                    "restriction_type": "none"
                  }
                ]
              }
            ],
            "retain_on_delete": false,
            "staging": false,
            "status": "Deployed",
            "tags": {},
            "tags_all": {},
            "trusted_key_groups": [
              {
                "enabled": false,
                "items": []
              }
            ],
            "trusted_signers": [
              {
                "enabled": false,
                "items": []
              }
            ],
            "viewer_certificate": [
              {
                "acm_certificate_arn": "arn:aws:acm:us-east-1:338253790412:certificate/9a45f990-2364-4f76-a625-396eb8341a37",
                "cloudfront_default_certificate": false,
                "iam_certificate_id": "",
                "minimum_protocol_version": "TLSv1.2_2021",
                "ssl_support_method": "sni-only"
              }
            ],
            "wait_for_deployment": true,
            "web_acl_id": ""
          },
          "sensitive_attributes": [],
          "private": "eyJzY2hlbWFfdmVyc2lvbiI6IjEifQ=="
        }
      ]
    },
    {
      "mode": "managed",
      "type": "aws_dynamodb_table",
      "name": "visitor_table",
      "provider": "provider[\"registry.terraform.io/hashicorp/aws\"]",
      "instances": [
        {
          "schema_version": 1,
          "attributes": {
            "arn": "arn:aws:dynamodb:us-east-2:338253790412:table/VisitorTable",
            "attribute": [
              {
                "name": "visitor_id",
                "type": "N"
              }
            ],
            "billing_mode": "PROVISIONED",
            "deletion_protection_enabled": false,
            "global_secondary_index": [],
            "hash_key": "visitor_id",
            "id": "VisitorTable",
            "import_table": [],
            "local_secondary_index": [],
            "name": "VisitorTable",
            "point_in_time_recovery": [
              {
                "enabled": false
              }
            ],
            "range_key": null,
            "read_capacity": 1,
            "replica": [],
            "restore_date_time": null,
            "restore_source_name": null,
            "restore_source_table_arn": null,
            "restore_to_latest_time": null,
            "server_side_encryption": [],
            "stream_arn": "",
            "stream_enabled": false,
            "stream_label": "",
            "stream_view_type": "",
            "table_class": "STANDARD",
            "tags": {},
            "tags_all": {},
            "timeouts": null,
            "ttl": [
              {
                "attribute_name": "",
                "enabled": false
              }
            ],
            "write_capacity": 1
          },
          "sensitive_attributes": [],
          "private": "eyJlMmJmYjczMC1lY2FhLTExZTYtOGY4OC0zNDM2M2JjN2M0YzAiOnsiY3JlYXRlIjoxODAwMDAwMDAwMDAwLCJkZWxldGUiOjYwMDAwMDAwMDAwMCwidXBkYXRlIjozNjAwMDAwMDAwMDAwfSwic2NoZW1hX3ZlcnNpb24iOiIxIn0="
        }
      ]
    },
    {
      "mode": "managed",
      "type": "aws_route53_zone",
      "name": "my_dns",
      "provider": "provider[\"registry.terraform.io/hashicorp/aws\"]",
      "instances": [
        {
          "schema_version": 0,
          "attributes": {
            "arn": "arn:aws:route53:::hostedzone/Z07797793UO05BKPV64D2",
            "comment": "HostedZone created by Route53 Registrar",
            "delegation_set_id": "",
            "force_destroy": null,
            "id": "Z07797793UO05BKPV64D2",
            "name": "jacehickman.com",
            "name_servers": [
              "ns-1323.awsdns-37.org",
              "ns-1708.awsdns-21.co.uk",
              "ns-458.awsdns-57.com",
              "ns-990.awsdns-59.net"
            ],
            "primary_name_server": "ns-1708.awsdns-21.co.uk",
            "tags": {},
            "tags_all": {},
            "vpc": [],
            "zone_id": "Z07797793UO05BKPV64D2"
          },
          "sensitive_attributes": [],
          "private": "eyJzY2hlbWFfdmVyc2lvbiI6IjAifQ=="
        }
      ]
    },
    {
      "mode": "managed",
      "type": "aws_s3_bucket",
      "name": "primary_bucket",
      "provider": "provider[\"registry.terraform.io/hashicorp/aws\"]",
      "instances": [
        {
          "schema_version": 0,
          "attributes": {
            "acceleration_status": "",
            "acl": null,
            "arn": "arn:aws:s3:::jacehickman.com",
            "bucket": "jacehickman.com",
            "bucket_domain_name": "jacehickman.com.s3.amazonaws.com",
            "bucket_prefix": "",
            "bucket_regional_domain_name": "jacehickman.com.s3.us-east-2.amazonaws.com",
            "cors_rule": [
              {
                "allowed_headers": [
                  "*"
                ],
                "allowed_methods": [
                  "GET",
                  "POST"
                ],
                "allowed_origins": [
                  "http://www.jacehickman.com",
                  "https://www.jacehickman.com"
                ],
                "expose_headers": [],
                "max_age_seconds": 0
              }
            ],
            "force_destroy": null,
            "grant": [
              {
                "id": "670a172a845f64c192510c4969f257fee8c4dcf7b570bf5c757580307d4c7155",
                "permissions": [
                  "FULL_CONTROL"
                ],
                "type": "CanonicalUser",
                "uri": ""
              }
            ],
            "hosted_zone_id": "Z2O1EMRO9K5GLX",
            "id": "jacehickman.com",
            "lifecycle_rule": [],
            "logging": [],
            "object_lock_configuration": [],
            "object_lock_enabled": false,
            "policy": "{\"Statement\":[{\"Action\":\"s3:GetObject\",\"Effect\":\"Allow\",\"Principal\":\"*\",\"Resource\":\"arn:aws:s3:::jacehickman.com/*\",\"Sid\":\"PublicReadGetObject\"}],\"Version\":\"2012-10-17\"}",
            "region": "us-east-2",
            "replication_configuration": [],
            "request_payer": "BucketOwner",
            "server_side_encryption_configuration": [
              {
                "rule": [
                  {
                    "apply_server_side_encryption_by_default": [
                      {
                        "kms_master_key_id": "",
                        "sse_algorithm": "AES256"
                      }
                    ],
                    "bucket_key_enabled": true
                  }
                ]
              }
            ],
            "tags": {},
            "tags_all": {},
            "timeouts": null,
            "versioning": [
              {
                "enabled": true,
                "mfa_delete": false
              }
            ],
            "website": [
              {
                "error_document": "error.html",
                "index_document": "resume.html",
                "redirect_all_requests_to": "",
                "routing_rules": ""
              }
            ],
            "website_domain": "s3-website.us-east-2.amazonaws.com",
            "website_endpoint": "jacehickman.com.s3-website.us-east-2.amazonaws.com"
          },
          "sensitive_attributes": [],
          "private": "eyJlMmJmYjczMC1lY2FhLTExZTYtOGY4OC0zNDM2M2JjN2M0YzAiOnsiY3JlYXRlIjoxMjAwMDAwMDAwMDAwLCJkZWxldGUiOjM2MDAwMDAwMDAwMDAsInJlYWQiOjEyMDAwMDAwMDAwMDAsInVwZGF0ZSI6MTIwMDAwMDAwMDAwMH0sInNjaGVtYV92ZXJzaW9uIjoiMCJ9"
        }
      ]
    },
    {
      "mode": "managed",
      "type": "aws_s3_bucket",
      "name": "www_bucket",
      "provider": "provider[\"registry.terraform.io/hashicorp/aws\"]",
      "instances": [
        {
          "schema_version": 0,
          "attributes": {
            "acceleration_status": "",
            "acl": null,
            "arn": "arn:aws:s3:::www.jacehickman.com",
            "bucket": "www.jacehickman.com",
            "bucket_domain_name": "www.jacehickman.com.s3.amazonaws.com",
            "bucket_prefix": "",
            "bucket_regional_domain_name": "www.jacehickman.com.s3.us-east-2.amazonaws.com",
            "cors_rule": [],
            "force_destroy": null,
            "grant": [
              {
                "id": "670a172a845f64c192510c4969f257fee8c4dcf7b570bf5c757580307d4c7155",
                "permissions": [
                  "FULL_CONTROL"
                ],
                "type": "CanonicalUser",
                "uri": ""
              }
            ],
            "hosted_zone_id": "Z2O1EMRO9K5GLX",
            "id": "www.jacehickman.com",
            "lifecycle_rule": [],
            "logging": [],
            "object_lock_configuration": [],
            "object_lock_enabled": false,
            "policy": "{\"Statement\":[{\"Action\":\"s3:GetObject\",\"Effect\":\"Allow\",\"Principal\":\"*\",\"Resource\":\"arn:aws:s3:::www.jacehickman.com/*\",\"Sid\":\"PublicReadGetObject\"}],\"Version\":\"2012-10-17\"}",
            "region": "us-east-2",
            "replication_configuration": [],
            "request_payer": "BucketOwner",
            "server_side_encryption_configuration": [
              {
                "rule": [
                  {
                    "apply_server_side_encryption_by_default": [
                      {
                        "kms_master_key_id": "",
                        "sse_algorithm": "AES256"
                      }
                    ],
                    "bucket_key_enabled": true
                  }
                ]
              }
            ],
            "tags": {},
            "tags_all": {},
            "timeouts": null,
            "versioning": [
              {
                "enabled": false,
                "mfa_delete": false
              }
            ],
            "website": [
              {
                "error_document": "",
                "index_document": "",
                "redirect_all_requests_to": "http://jacehickman.com",
                "routing_rules": ""
              }
            ],
            "website_domain": "s3-website.us-east-2.amazonaws.com",
            "website_endpoint": "www.jacehickman.com.s3-website.us-east-2.amazonaws.com"
          },
          "sensitive_attributes": [],
          "private": "eyJlMmJmYjczMC1lY2FhLTExZTYtOGY4OC0zNDM2M2JjN2M0YzAiOnsiY3JlYXRlIjoxMjAwMDAwMDAwMDAwLCJkZWxldGUiOjM2MDAwMDAwMDAwMDAsInJlYWQiOjEyMDAwMDAwMDAwMDAsInVwZGF0ZSI6MTIwMDAwMDAwMDAwMH0sInNjaGVtYV92ZXJzaW9uIjoiMCJ9"
        }
      ]
    }
  ],
  "check_results": null
}
